
Microsoft Visual Studio Solution File, Format Version 12.00
# Visual Studio 15
VisualStudioVersion = 15.0.28307.421
MinimumVisualStudioVersion = 10.0.40219.1
Project("{FAE04EC0-301F-11D3-BF4B-00C04F79EFBC}") = "Tugas OOP", "Tugas OOP\Tugas OOP.csproj", "{CF4CF27A-F313-432C-83FC-33F9B33B25EC}"
EndProject
Global
	GlobalSection(SolutionConfigurationPlatforms) = preSolution
		Debug|Any CPU = Debug|Any CPU
		Release|Any CPU = Release|Any CPU
	EndGlobalSection
	GlobalSection(ProjectConfigurationPlatforms) = postSolution
		{CF4CF27A-F313-432C-83FC-33F9B33B25EC}.Debug|Any CPU.ActiveCfg = Debug|Any CPU
		{CF4CF27A-F313-432C-83FC-33F9B33B25EC}.Debug|Any CPU.Build.0 = Debug|Any CPU
		{CF4CF27A-F313-432C-83FC-33F9B33B25EC}.Release|Any CPU.ActiveCfg = Release|Any CPU
		{CF4CF27A-F313-432C-83FC-33F9B33B25EC}.Release|Any CPU.Build.0 = Release|Any CPU
	EndGlobalSection
	GlobalSection(SolutionProperties) = preSolution
		HideSolutionNode = FALSE
	EndGlobalSection
	GlobalSection(ExtensibilityGlobals) = postSolution
		SolutionGuid = {F54477E3-5A78-4DAF-A78F-7289B4DB9D97}
	EndGlobalSection
EndGlobal
